
Microsoft Visual Studio Solution File, Format Version 12.00
# Visual Studio 2012
Project("{9092AA53-FB77-4645-B42D-1CCCA6BD08BD}") = "asyncawait", "asyncawait.njsproj", "{330C5F49-70CC-42B2-B036-7E7C0C4E604D}"
EndProject
Project("{2150E333-8FDC-42A3-9474-1A3956D46DE8}") = "package", "package", "{07D6E85E-F15E-438B-8293-313B50927A8E}"
	ProjectSection(SolutionItems) = preProject
		..\.gitignore = ..\.gitignore
		..\.npmignore = ..\.npmignore
		..\async.js = ..\async.js
		..\await.js = ..\await.js
		..\changelog.md = ..\changelog.md
		..\index.js = ..\index.js
		..\LICENSE = ..\LICENSE
		..\package.json = ..\package.json
		..\README.md = ..\README.md
	EndProjectSection
EndProject
Project("{9092AA53-FB77-4645-B42D-1CCCA6BD08BD}") = "comparison", "..\comparison\comparison.njsproj", "{F9EA2D49-E01E-4F17-A09C-6D020CF622F9}"
EndProject
Project("{9092AA53-FB77-4645-B42D-1CCCA6BD08BD}") = "examples", "..\examples\examples.njsproj", "{B2439C8A-CC41-4409-A07A-173BA0B6094B}"
EndProject
Global
	GlobalSection(SolutionConfigurationPlatforms) = preSolution
		Debug|Any CPU = Debug|Any CPU
		Release|Any CPU = Release|Any CPU
	EndGlobalSection
	GlobalSection(ProjectConfigurationPlatforms) = postSolution
		{330C5F49-70CC-42B2-B036-7E7C0C4E604D}.Debug|Any CPU.ActiveCfg = Debug|Any CPU
		{330C5F49-70CC-42B2-B036-7E7C0C4E604D}.Debug|Any CPU.Build.0 = Debug|Any CPU
		{330C5F49-70CC-42B2-B036-7E7C0C4E604D}.Release|Any CPU.ActiveCfg = Release|Any CPU
		{330C5F49-70CC-42B2-B036-7E7C0C4E604D}.Release|Any CPU.Build.0 = Release|Any CPU
		{F9EA2D49-E01E-4F17-A09C-6D020CF622F9}.Debug|Any CPU.ActiveCfg = Debug|Any CPU
		{F9EA2D49-E01E-4F17-A09C-6D020CF622F9}.Debug|Any CPU.Build.0 = Debug|Any CPU
		{F9EA2D49-E01E-4F17-A09C-6D020CF622F9}.Release|Any CPU.ActiveCfg = Release|Any CPU
		{F9EA2D49-E01E-4F17-A09C-6D020CF622F9}.Release|Any CPU.Build.0 = Release|Any CPU
		{B2439C8A-CC41-4409-A07A-173BA0B6094B}.Debug|Any CPU.ActiveCfg = Debug|Any CPU
		{B2439C8A-CC41-4409-A07A-173BA0B6094B}.Debug|Any CPU.Build.0 = Debug|Any CPU
		{B2439C8A-CC41-4409-A07A-173BA0B6094B}.Release|Any CPU.ActiveCfg = Release|Any CPU
		{B2439C8A-CC41-4409-A07A-173BA0B6094B}.Release|Any CPU.Build.0 = Release|Any CPU
	EndGlobalSection
	GlobalSection(SolutionProperties) = preSolution
		HideSolutionNode = FALSE
	EndGlobalSection
EndGlobal
